{
  "object": {
    "pins": [
      {
        "package": "SwiftUICharts",
        "repositoryURL": "https://github.com/AppPear/ChartView",
        "state": {
          "branch": "master",
          "revision": "9115a992c91fa19cbb4f2241084240d38654a1fc",
          "version": null
        }
      },
      {
        "package": "CodableCSV",
        "repositoryURL": "https://github.com/dehesa/CodableCSV",
        "state": {
          "branch": null,
          "revision": "582872ad6e07704c5865137002b5ffeee426796c",
          "version": "0.6.4"
        }
      }
    ]
  },
  "version": 1
}
