{
  "object": {
    "pins": [
      {
        "package": "SwiftUICharts",
        "repositoryURL": "https://github.com/shnarazk/ChartView",
        "state": {
          "branch": null,
          "revision": "3fae6c3306a25e007b99c13e2195dbf933a4af49",
          "version": null
        }
      },
      {
        "package": "CodableCSV",
        "repositoryURL": "https://github.com/dehesa/CodableCSV",
        "state": {
          "branch": null,
          "revision": "582872ad6e07704c5865137002b5ffeee426796c",
          "version": "0.6.4"
        }
      }
    ]
  },
  "version": 1
}
