// !$*UTF8*$!
{
	archiveVersion = 1;
	classes = {
	};
	objectVersion = 52;
	objects = {

/* Begin PBXBuildFile section */
		C623B571263E474500863276 /* SwiftUICharts in Frameworks */ = {isa = PBXBuildFile; productRef = C623B570263E474500863276 /* SwiftUICharts */; };
		C69A58B4256FDE600085AD68 /* FukuokaCOVID19App.swift in Sources */ = {isa = PBXBuildFile; fileRef = C69A58B3256FDE600085AD68 /* FukuokaCOVID19App.swift */; };
		C69A58B6256FDE600085AD68 /* ContentView.swift in Sources */ = {isa = PBXBuildFile; fileRef = C69A58B5256FDE600085AD68 /* ContentView.swift */; };
		C69A58B8256FDE610085AD68 /* Assets.xcassets in Resources */ = {isa = PBXBuildFile; fileRef = C69A58B7256FDE610085AD68 /* Assets.xcassets */; };
		C69A58BB256FDE610085AD68 /* Preview Assets.xcassets in Resources */ = {isa = PBXBuildFile; fileRef = C69A58BA256FDE610085AD68 /* Preview Assets.xcassets */; };
		C69A58C7256FDE610085AD68 /* FukuokaCOVID19Tests.swift in Sources */ = {isa = PBXBuildFile; fileRef = C69A58C6256FDE610085AD68 /* FukuokaCOVID19Tests.swift */; };
		C69A58D2256FDE610085AD68 /* FukuokaCOVID19UITests.swift in Sources */ = {isa = PBXBuildFile; fileRef = C69A58D1256FDE610085AD68 /* FukuokaCOVID19UITests.swift */; };
		C69A58E4256FDF340085AD68 /* CodableCSV in Frameworks */ = {isa = PBXBuildFile; productRef = C69A58E3256FDF340085AD68 /* CodableCSV */; };
		C69A58E9256FDF780085AD68 /* Patient.swift in Sources */ = {isa = PBXBuildFile; fileRef = C69A58E8256FDF780085AD68 /* Patient.swift */; };
/* End PBXBuildFile section */

/* Begin PBXContainerItemProxy section */
		C69A58C3256FDE610085AD68 /* PBXContainerItemProxy */ = {
			isa = PBXContainerItemProxy;
			containerPortal = C69A58A8256FDE600085AD68 /* Project object */;
			proxyType = 1;
			remoteGlobalIDString = C69A58AF256FDE600085AD68;
			remoteInfo = FukuokaCOVID19;
		};
		C69A58CE256FDE610085AD68 /* PBXContainerItemProxy */ = {
			isa = PBXContainerItemProxy;
			containerPortal = C69A58A8256FDE600085AD68 /* Project object */;
			proxyType = 1;
			remoteGlobalIDString = C69A58AF256FDE600085AD68;
			remoteInfo = FukuokaCOVID19;
		};
/* End PBXContainerItemProxy section */

/* Begin PBXFileReference section */
		C69A58B0256FDE600085AD68 /* FukuokaCOVID19.app */ = {isa = PBXFileReference; explicitFileType = wrapper.application; includeInIndex = 0; path = FukuokaCOVID19.app; sourceTree = BUILT_PRODUCTS_DIR; };
		C69A58B3256FDE600085AD68 /* FukuokaCOVID19App.swift */ = {isa = PBXFileReference; lastKnownFileType = sourcecode.swift; path = FukuokaCOVID19App.swift; sourceTree = "<group>"; };
		C69A58B5256FDE600085AD68 /* ContentView.swift */ = {isa = PBXFileReference; lastKnownFileType = sourcecode.swift; path = ContentView.swift; sourceTree = "<group>"; };
		C69A58B7256FDE610085AD68 /* Assets.xcassets */ = {isa = PBXFileReference; lastKnownFileType = folder.assetcatalog; path = Assets.xcassets; sourceTree = "<group>"; };
		C69A58BA256FDE610085AD68 /* Preview Assets.xcassets */ = {isa = PBXFileReference; lastKnownFileType = folder.assetcatalog; path = "Preview Assets.xcassets"; sourceTree = "<group>"; };
		C69A58BC256FDE610085AD68 /* Info.plist */ = {isa = PBXFileReference; lastKnownFileType = text.plist.xml; path = Info.plist; sourceTree = "<group>"; };
		C69A58BD256FDE610085AD68 /* FukuokaCOVID19.entitlements */ = {isa = PBXFileReference; lastKnownFileType = text.plist.entitlements; path = FukuokaCOVID19.entitlements; sourceTree = "<group>"; };
		C69A58C2256FDE610085AD68 /* FukuokaCOVID19Tests.xctest */ = {isa = PBXFileReference; explicitFileType = wrapper.cfbundle; includeInIndex = 0; path = FukuokaCOVID19Tests.xctest; sourceTree = BUILT_PRODUCTS_DIR; };
		C69A58C6256FDE610085AD68 /* FukuokaCOVID19Tests.swift */ = {isa = PBXFileReference; lastKnownFileType = sourcecode.swift; path = FukuokaCOVID19Tests.swift; sourceTree = "<group>"; };
		C69A58C8256FDE610085AD68 /* Info.plist */ = {isa = PBXFileReference; lastKnownFileType = text.plist.xml; path = Info.plist; sourceTree = "<group>"; };
		C69A58CD256FDE610085AD68 /* FukuokaCOVID19UITests.xctest */ = {isa = PBXFileReference; explicitFileType = wrapper.cfbundle; includeInIndex = 0; path = FukuokaCOVID19UITests.xctest; sourceTree = BUILT_PRODUCTS_DIR; };
		C69A58D1256FDE610085AD68 /* FukuokaCOVID19UITests.swift */ = {isa = PBXFileReference; lastKnownFileType = sourcecode.swift; path = FukuokaCOVID19UITests.swift; sourceTree = "<group>"; };
		C69A58D3256FDE610085AD68 /* Info.plist */ = {isa = PBXFileReference; lastKnownFileType = text.plist.xml; path = Info.plist; sourceTree = "<group>"; };
		C69A58E8256FDF780085AD68 /* Patient.swift */ = {isa = PBXFileReference; lastKnownFileType = sourcecode.swift; path = Patient.swift; sourceTree = "<group>"; };
/* End PBXFileReference section */

/* Begin PBXFrameworksBuildPhase section */
		C69A58AD256FDE600085AD68 /* Frameworks */ = {
			isa = PBXFrameworksBuildPhase;
			buildActionMask = 2147483647;
			files = (
				C69A58E4256FDF340085AD68 /* CodableCSV in Frameworks */,
				C623B571263E474500863276 /* SwiftUICharts in Frameworks */,
			);
			runOnlyForDeploymentPostprocessing = 0;
		};
		C69A58BF256FDE610085AD68 /* Frameworks */ = {
			isa = PBXFrameworksBuildPhase;
			buildActionMask = 2147483647;
			files = (
			);
			runOnlyForDeploymentPostprocessing = 0;
		};
		C69A58CA256FDE610085AD68 /* Frameworks */ = {
			isa = PBXFrameworksBuildPhase;
			buildActionMask = 2147483647;
			files = (
			);
			runOnlyForDeploymentPostprocessing = 0;
		};
/* End PBXFrameworksBuildPhase section */

/* Begin PBXGroup section */
		C69A58A7256FDE600085AD68 = {
			isa = PBXGroup;
			children = (
				C69A58B2256FDE600085AD68 /* FukuokaCOVID19 */,
				C69A58C5256FDE610085AD68 /* FukuokaCOVID19Tests */,
				C69A58D0256FDE610085AD68 /* FukuokaCOVID19UITests */,
				C69A58B1256FDE600085AD68 /* Products */,
			);
			sourceTree = "<group>";
		};
		C69A58B1256FDE600085AD68 /* Products */ = {
			isa = PBXGroup;
			children = (
				C69A58B0256FDE600085AD68 /* FukuokaCOVID19.app */,
				C69A58C2256FDE610085AD68 /* FukuokaCOVID19Tests.xctest */,
				C69A58CD256FDE610085AD68 /* FukuokaCOVID19UITests.xctest */,
			);
			name = Products;
			sourceTree = "<group>";
		};
		C69A58B2256FDE600085AD68 /* FukuokaCOVID19 */ = {
			isa = PBXGroup;
			children = (
				C69A58B3256FDE600085AD68 /* FukuokaCOVID19App.swift */,
				C69A58E8256FDF780085AD68 /* Patient.swift */,
				C69A58B5256FDE600085AD68 /* ContentView.swift */,
				C69A58B7256FDE610085AD68 /* Assets.xcassets */,
				C69A58BC256FDE610085AD68 /* Info.plist */,
				C69A58BD256FDE610085AD68 /* FukuokaCOVID19.entitlements */,
				C69A58B9256FDE610085AD68 /* Preview Content */,
			);
			path = FukuokaCOVID19;
			sourceTree = "<group>";
		};
		C69A58B9256FDE610085AD68 /* Preview Content */ = {
			isa = PBXGroup;
			children = (
				C69A58BA256FDE610085AD68 /* Preview Assets.xcassets */,
			);
			path = "Preview Content";
			sourceTree = "<group>";
		};
		C69A58C5256FDE610085AD68 /* FukuokaCOVID19Tests */ = {
			isa = PBXGroup;
			children = (
				C69A58C6256FDE610085AD68 /* FukuokaCOVID19Tests.swift */,
				C69A58C8256FDE610085AD68 /* Info.plist */,
			);
			path = FukuokaCOVID19Tests;
			sourceTree = "<group>";
		};
		C69A58D0256FDE610085AD68 /* FukuokaCOVID19UITests */ = {
			isa = PBXGroup;
			children = (
				C69A58D1256FDE610085AD68 /* FukuokaCOVID19UITests.swift */,
				C69A58D3256FDE610085AD68 /* Info.plist */,
			);
			path = FukuokaCOVID19UITests;
			sourceTree = "<group>";
		};
/* End PBXGroup section */

/* Begin PBXNativeTarget section */
		C69A58AF256FDE600085AD68 /* FukuokaCOVID19 */ = {
			isa = PBXNativeTarget;
			buildConfigurationList = C69A58D6256FDE610085AD68 /* Build configuration list for PBXNativeTarget "FukuokaCOVID19" */;
			buildPhases = (
				C69A58AC256FDE600085AD68 /* Sources */,
				C69A58AD256FDE600085AD68 /* Frameworks */,
				C69A58AE256FDE600085AD68 /* Resources */,
			);
			buildRules = (
			);
			dependencies = (
			);
			name = FukuokaCOVID19;
			packageProductDependencies = (
				C69A58E3256FDF340085AD68 /* CodableCSV */,
				C623B570263E474500863276 /* SwiftUICharts */,
			);
			productName = FukuokaCOVID19;
			productReference = C69A58B0256FDE600085AD68 /* FukuokaCOVID19.app */;
			productType = "com.apple.product-type.application";
		};
		C69A58C1256FDE610085AD68 /* FukuokaCOVID19Tests */ = {
			isa = PBXNativeTarget;
			buildConfigurationList = C69A58D9256FDE610085AD68 /* Build configuration list for PBXNativeTarget "FukuokaCOVID19Tests" */;
			buildPhases = (
				C69A58BE256FDE610085AD68 /* Sources */,
				C69A58BF256FDE610085AD68 /* Frameworks */,
				C69A58C0256FDE610085AD68 /* Resources */,
			);
			buildRules = (
			);
			dependencies = (
				C69A58C4256FDE610085AD68 /* PBXTargetDependency */,
			);
			name = FukuokaCOVID19Tests;
			productName = FukuokaCOVID19Tests;
			productReference = C69A58C2256FDE610085AD68 /* FukuokaCOVID19Tests.xctest */;
			productType = "com.apple.product-type.bundle.unit-test";
		};
		C69A58CC256FDE610085AD68 /* FukuokaCOVID19UITests */ = {
			isa = PBXNativeTarget;
			buildConfigurationList = C69A58DC256FDE610085AD68 /* Build configuration list for PBXNativeTarget "FukuokaCOVID19UITests" */;
			buildPhases = (
				C69A58C9256FDE610085AD68 /* Sources */,
				C69A58CA256FDE610085AD68 /* Frameworks */,
				C69A58CB256FDE610085AD68 /* Resources */,
			);
			buildRules = (
			);
			dependencies = (
				C69A58CF256FDE610085AD68 /* PBXTargetDependency */,
			);
			name = FukuokaCOVID19UITests;
			productName = FukuokaCOVID19UITests;
			productReference = C69A58CD256FDE610085AD68 /* FukuokaCOVID19UITests.xctest */;
			productType = "com.apple.product-type.bundle.ui-testing";
		};
/* End PBXNativeTarget section */

/* Begin PBXProject section */
		C69A58A8256FDE600085AD68 /* Project object */ = {
			isa = PBXProject;
			attributes = {
				LastSwiftUpdateCheck = 1220;
				LastUpgradeCheck = 1230;
				TargetAttributes = {
					C69A58AF256FDE600085AD68 = {
						CreatedOnToolsVersion = 12.2;
					};
					C69A58C1256FDE610085AD68 = {
						CreatedOnToolsVersion = 12.2;
						TestTargetID = C69A58AF256FDE600085AD68;
					};
					C69A58CC256FDE610085AD68 = {
						CreatedOnToolsVersion = 12.2;
						TestTargetID = C69A58AF256FDE600085AD68;
					};
				};
			};
			buildConfigurationList = C69A58AB256FDE600085AD68 /* Build configuration list for PBXProject "FukuokaCOVID19" */;
			compatibilityVersion = "Xcode 9.3";
			developmentRegion = en;
			hasScannedForEncodings = 0;
			knownRegions = (
				en,
				Base,
			);
			mainGroup = C69A58A7256FDE600085AD68;
			packageReferences = (
				C69A58E2256FDF340085AD68 /* XCRemoteSwiftPackageReference "CodableCSV" */,
				C623B56F263E474500863276 /* XCRemoteSwiftPackageReference "ChartView" */,
			);
			productRefGroup = C69A58B1256FDE600085AD68 /* Products */;
			projectDirPath = "";
			projectRoot = "";
			targets = (
				C69A58AF256FDE600085AD68 /* FukuokaCOVID19 */,
				C69A58C1256FDE610085AD68 /* FukuokaCOVID19Tests */,
				C69A58CC256FDE610085AD68 /* FukuokaCOVID19UITests */,
			);
		};
/* End PBXProject section */

/* Begin PBXResourcesBuildPhase section */
		C69A58AE256FDE600085AD68 /* Resources */ = {
			isa = PBXResourcesBuildPhase;
			buildActionMask = 2147483647;
			files = (
				C69A58BB256FDE610085AD68 /* Preview Assets.xcassets in Resources */,
				C69A58B8256FDE610085AD68 /* Assets.xcassets in Resources */,
			);
			runOnlyForDeploymentPostprocessing = 0;
		};
		C69A58C0256FDE610085AD68 /* Resources */ = {
			isa = PBXResourcesBuildPhase;
			buildActionMask = 2147483647;
			files = (
			);
			runOnlyForDeploymentPostprocessing = 0;
		};
		C69A58CB256FDE610085AD68 /* Resources */ = {
			isa = PBXResourcesBuildPhase;
			buildActionMask = 2147483647;
			files = (
			);
			runOnlyForDeploymentPostprocessing = 0;
		};
/* End PBXResourcesBuildPhase section */

/* Begin PBXSourcesBuildPhase section */
		C69A58AC256FDE600085AD68 /* Sources */ = {
			isa = PBXSourcesBuildPhase;
			buildActionMask = 2147483647;
			files = (
				C69A58B6256FDE600085AD68 /* ContentView.swift in Sources */,
				C69A58B4256FDE600085AD68 /* FukuokaCOVID19App.swift in Sources */,
				C69A58E9256FDF780085AD68 /* Patient.swift in Sources */,
			);
			runOnlyForDeploymentPostprocessing = 0;
		};
		C69A58BE256FDE610085AD68 /* Sources */ = {
			isa = PBXSourcesBuildPhase;
			buildActionMask = 2147483647;
			files = (
				C69A58C7256FDE610085AD68 /* FukuokaCOVID19Tests.swift in Sources */,
			);
			runOnlyForDeploymentPostprocessing = 0;
		};
		C69A58C9256FDE610085AD68 /* Sources */ = {
			isa = PBXSourcesBuildPhase;
			buildActionMask = 2147483647;
			files = (
				C69A58D2256FDE610085AD68 /* FukuokaCOVID19UITests.swift in Sources */,
			);
			runOnlyForDeploymentPostprocessing = 0;
		};
/* End PBXSourcesBuildPhase section */

/* Begin PBXTargetDependency section */
		C69A58C4256FDE610085AD68 /* PBXTargetDependency */ = {
			isa = PBXTargetDependency;
			target = C69A58AF256FDE600085AD68 /* FukuokaCOVID19 */;
			targetProxy = C69A58C3256FDE610085AD68 /* PBXContainerItemProxy */;
		};
		C69A58CF256FDE610085AD68 /* PBXTargetDependency */ = {
			isa = PBXTargetDependency;
			target = C69A58AF256FDE600085AD68 /* FukuokaCOVID19 */;
			targetProxy = C69A58CE256FDE610085AD68 /* PBXContainerItemProxy */;
		};
/* End PBXTargetDependency section */

/* Begin XCBuildConfiguration section */
		C69A58D4256FDE610085AD68 /* Debug */ = {
			isa = XCBuildConfiguration;
			buildSettings = {
				ALWAYS_SEARCH_USER_PATHS = NO;
				CLANG_ANALYZER_NONNULL = YES;
				CLANG_ANALYZER_NUMBER_OBJECT_CONVERSION = YES_AGGRESSIVE;
				CLANG_CXX_LANGUAGE_STANDARD = "gnu++14";
				CLANG_CXX_LIBRARY = "libc++";
				CLANG_ENABLE_MODULES = YES;
				CLANG_ENABLE_OBJC_ARC = YES;
				CLANG_ENABLE_OBJC_WEAK = YES;
				CLANG_WARN_BLOCK_CAPTURE_AUTORELEASING = YES;
				CLANG_WARN_BOOL_CONVERSION = YES;
				CLANG_WARN_COMMA = YES;
				CLANG_WARN_CONSTANT_CONVERSION = YES;
				CLANG_WARN_DEPRECATED_OBJC_IMPLEMENTATIONS = YES;
				CLANG_WARN_DIRECT_OBJC_ISA_USAGE = YES_ERROR;
				CLANG_WARN_DOCUMENTATION_COMMENTS = YES;
				CLANG_WARN_EMPTY_BODY = YES;
				CLANG_WARN_ENUM_CONVERSION = YES;
				CLANG_WARN_INFINITE_RECURSION = YES;
				CLANG_WARN_INT_CONVERSION = YES;
				CLANG_WARN_NON_LITERAL_NULL_CONVERSION = YES;
				CLANG_WARN_OBJC_IMPLICIT_RETAIN_SELF = YES;
				CLANG_WARN_OBJC_LITERAL_CONVERSION = YES;
				CLANG_WARN_OBJC_ROOT_CLASS = YES_ERROR;
				CLANG_WARN_QUOTED_INCLUDE_IN_FRAMEWORK_HEADER = YES;
				CLANG_WARN_RANGE_LOOP_ANALYSIS = YES;
				CLANG_WARN_STRICT_PROTOTYPES = YES;
				CLANG_WARN_SUSPICIOUS_MOVE = YES;
				CLANG_WARN_UNGUARDED_AVAILABILITY = YES_AGGRESSIVE;
				CLANG_WARN_UNREACHABLE_CODE = YES;
				CLANG_WARN__DUPLICATE_METHOD_MATCH = YES;
				COPY_PHASE_STRIP = NO;
				DEBUG_INFORMATION_FORMAT = dwarf;
				ENABLE_STRICT_OBJC_MSGSEND = YES;
				ENABLE_TESTABILITY = YES;
				GCC_C_LANGUAGE_STANDARD = gnu11;
				GCC_DYNAMIC_NO_PIC = NO;
				GCC_NO_COMMON_BLOCKS = YES;
				GCC_OPTIMIZATION_LEVEL = 0;
				GCC_PREPROCESSOR_DEFINITIONS = (
					"DEBUG=1",
					"$(inherited)",
				);
				GCC_WARN_64_TO_32_BIT_CONVERSION = YES;
				GCC_WARN_ABOUT_RETURN_TYPE = YES_ERROR;
				GCC_WARN_UNDECLARED_SELECTOR = YES;
				GCC_WARN_UNINITIALIZED_AUTOS = YES_AGGRESSIVE;
				GCC_WARN_UNUSED_FUNCTION = YES;
				GCC_WARN_UNUSED_VARIABLE = YES;
				MACOSX_DEPLOYMENT_TARGET = 11.0;
				MTL_ENABLE_DEBUG_INFO = INCLUDE_SOURCE;
				MTL_FAST_MATH = YES;
				ONLY_ACTIVE_ARCH = YES;
				SDKROOT = macosx;
				SWIFT_ACTIVE_COMPILATION_CONDITIONS = DEBUG;
				SWIFT_OPTIMIZATION_LEVEL = "-Onone";
			};
			name = Debug;
		};
		C69A58D5256FDE610085AD68 /* Release */ = {
			isa = XCBuildConfiguration;
			buildSettings = {
				ALWAYS_SEARCH_USER_PATHS = NO;
				CLANG_ANALYZER_NONNULL = YES;
				CLANG_ANALYZER_NUMBER_OBJECT_CONVERSION = YES_AGGRESSIVE;
				CLANG_CXX_LANGUAGE_STANDARD = "gnu++14";
				CLANG_CXX_LIBRARY = "libc++";
				CLANG_ENABLE_MODULES = YES;
				CLANG_ENABLE_OBJC_ARC = YES;
				CLANG_ENABLE_OBJC_WEAK = YES;
				CLANG_WARN_BLOCK_CAPTURE_AUTORELEASING = YES;
				CLANG_WARN_BOOL_CONVERSION = YES;
				CLANG_WARN_COMMA = YES;
				CLANG_WARN_CONSTANT_CONVERSION = YES;
				CLANG_WARN_DEPRECATED_OBJC_IMPLEMENTATIONS = YES;
				CLANG_WARN_DIRECT_OBJC_ISA_USAGE = YES_ERROR;
				CLANG_WARN_DOCUMENTATION_COMMENTS = YES;
				CLANG_WARN_EMPTY_BODY = YES;
				CLANG_WARN_ENUM_CONVERSION = YES;
				CLANG_WARN_INFINITE_RECURSION = YES;
				CLANG_WARN_INT_CONVERSION = YES;
				CLANG_WARN_NON_LITERAL_NULL_CONVERSION = YES;
				CLANG_WARN_OBJC_IMPLICIT_RETAIN_SELF = YES;
				CLANG_WARN_OBJC_LITERAL_CONVERSION = YES;
				CLANG_WARN_OBJC_ROOT_CLASS = YES_ERROR;
				CLANG_WARN_QUOTED_INCLUDE_IN_FRAMEWORK_HEADER = YES;
				CLANG_WARN_RANGE_LOOP_ANALYSIS = YES;
				CLANG_WARN_STRICT_PROTOTYPES = YES;
				CLANG_WARN_SUSPICIOUS_MOVE = YES;
				CLANG_WARN_UNGUARDED_AVAILABILITY = YES_AGGRESSIVE;
				CLANG_WARN_UNREACHABLE_CODE = YES;
				CLANG_WARN__DUPLICATE_METHOD_MATCH = YES;
				COPY_PHASE_STRIP = NO;
				DEBUG_INFORMATION_FORMAT = "dwarf-with-dsym";
				ENABLE_NS_ASSERTIONS = NO;
				ENABLE_STRICT_OBJC_MSGSEND = YES;
				GCC_C_LANGUAGE_STANDARD = gnu11;
				GCC_NO_COMMON_BLOCKS = YES;
				GCC_WARN_64_TO_32_BIT_CONVERSION = YES;
				GCC_WARN_ABOUT_RETURN_TYPE = YES_ERROR;
				GCC_WARN_UNDECLARED_SELECTOR = YES;
				GCC_WARN_UNINITIALIZED_AUTOS = YES_AGGRESSIVE;
				GCC_WARN_UNUSED_FUNCTION = YES;
				GCC_WARN_UNUSED_VARIABLE = YES;
				MACOSX_DEPLOYMENT_TARGET = 11.0;
				MTL_ENABLE_DEBUG_INFO = NO;
				MTL_FAST_MATH = YES;
				ONLY_ACTIVE_ARCH = YES;
				SDKROOT = macosx;
				SWIFT_COMPILATION_MODE = wholemodule;
				SWIFT_OPTIMIZATION_LEVEL = "-O";
			};
			name = Release;
		};
		C69A58D7256FDE610085AD68 /* Debug */ = {
			isa = XCBuildConfiguration;
			buildSettings = {
				ASSETCATALOG_COMPILER_APPICON_NAME = AppIcon;
				ASSETCATALOG_COMPILER_GLOBAL_ACCENT_COLOR_NAME = AccentColor;
				CODE_SIGN_ENTITLEMENTS = FukuokaCOVID19/FukuokaCOVID19.entitlements;
				CODE_SIGN_IDENTITY = "-";
				CODE_SIGN_STYLE = Automatic;
				COMBINE_HIDPI_IMAGES = YES;
				DEVELOPMENT_ASSET_PATHS = "\"FukuokaCOVID19/Preview Content\"";
				DEVELOPMENT_TEAM = S47U494BM3;
				ENABLE_HARDENED_RUNTIME = YES;
				ENABLE_PREVIEWS = YES;
				INFOPLIST_FILE = FukuokaCOVID19/Info.plist;
				LD_RUNPATH_SEARCH_PATHS = (
					"$(inherited)",
					"@executable_path/../Frameworks",
				);
				MACOSX_DEPLOYMENT_TARGET = 11.0;
				PRODUCT_BUNDLE_IDENTIFIER = shnarazk.FukuokaCOVID19;
				PRODUCT_NAME = "$(TARGET_NAME)";
				SWIFT_VERSION = 5.0;
			};
			name = Debug;
		};
		C69A58D8256FDE610085AD68 /* Release */ = {
			isa = XCBuildConfiguration;
			buildSettings = {
				ASSETCATALOG_COMPILER_APPICON_NAME = AppIcon;
				ASSETCATALOG_COMPILER_GLOBAL_ACCENT_COLOR_NAME = AccentColor;
				CODE_SIGN_ENTITLEMENTS = FukuokaCOVID19/FukuokaCOVID19.entitlements;
				CODE_SIGN_IDENTITY = "-";
				CODE_SIGN_STYLE = Automatic;
				COMBINE_HIDPI_IMAGES = YES;
				DEVELOPMENT_ASSET_PATHS = "\"FukuokaCOVID19/Preview Content\"";
				DEVELOPMENT_TEAM = S47U494BM3;
				ENABLE_HARDENED_RUNTIME = YES;
				ENABLE_PREVIEWS = YES;
				INFOPLIST_FILE = FukuokaCOVID19/Info.plist;
				LD_RUNPATH_SEARCH_PATHS = (
					"$(inherited)",
					"@executable_path/../Frameworks",
				);
				MACOSX_DEPLOYMENT_TARGET = 11.0;
				PRODUCT_BUNDLE_IDENTIFIER = shnarazk.FukuokaCOVID19;
				PRODUCT_NAME = "$(TARGET_NAME)";
				SWIFT_VERSION = 5.0;
			};
			name = Release;
		};
		C69A58DA256FDE610085AD68 /* Debug */ = {
			isa = XCBuildConfiguration;
			buildSettings = {
				ALWAYS_EMBED_SWIFT_STANDARD_LIBRARIES = YES;
				BUNDLE_LOADER = "$(TEST_HOST)";
				CODE_SIGN_STYLE = Automatic;
				COMBINE_HIDPI_IMAGES = YES;
				DEVELOPMENT_TEAM = S47U494BM3;
				INFOPLIST_FILE = FukuokaCOVID19Tests/Info.plist;
				LD_RUNPATH_SEARCH_PATHS = (
					"$(inherited)",
					"@executable_path/../Frameworks",
					"@loader_path/../Frameworks",
				);
				MACOSX_DEPLOYMENT_TARGET = 11.0;
				PRODUCT_BUNDLE_IDENTIFIER = shnarazk.FukuokaCOVID19Tests;
				PRODUCT_NAME = "$(TARGET_NAME)";
				SWIFT_VERSION = 5.0;
				TEST_HOST = "$(BUILT_PRODUCTS_DIR)/FukuokaCOVID19.app/Contents/MacOS/FukuokaCOVID19";
			};
			name = Debug;
		};
		C69A58DB256FDE610085AD68 /* Release */ = {
			isa = XCBuildConfiguration;
			buildSettings = {
				ALWAYS_EMBED_SWIFT_STANDARD_LIBRARIES = YES;
				BUNDLE_LOADER = "$(TEST_HOST)";
				CODE_SIGN_STYLE = Automatic;
				COMBINE_HIDPI_IMAGES = YES;
				DEVELOPMENT_TEAM = S47U494BM3;
				INFOPLIST_FILE = FukuokaCOVID19Tests/Info.plist;
				LD_RUNPATH_SEARCH_PATHS = (
					"$(inherited)",
					"@executable_path/../Frameworks",
					"@loader_path/../Frameworks",
				);
				MACOSX_DEPLOYMENT_TARGET = 11.0;
				PRODUCT_BUNDLE_IDENTIFIER = shnarazk.FukuokaCOVID19Tests;
				PRODUCT_NAME = "$(TARGET_NAME)";
				SWIFT_VERSION = 5.0;
				TEST_HOST = "$(BUILT_PRODUCTS_DIR)/FukuokaCOVID19.app/Contents/MacOS/FukuokaCOVID19";
			};
			name = Release;
		};
		C69A58DD256FDE610085AD68 /* Debug */ = {
			isa = XCBuildConfiguration;
			buildSettings = {
				ALWAYS_EMBED_SWIFT_STANDARD_LIBRARIES = YES;
				CODE_SIGN_STYLE = Automatic;
				COMBINE_HIDPI_IMAGES = YES;
				DEVELOPMENT_TEAM = S47U494BM3;
				INFOPLIST_FILE = FukuokaCOVID19UITests/Info.plist;
				LD_RUNPATH_SEARCH_PATHS = (
					"$(inherited)",
					"@executable_path/../Frameworks",
					"@loader_path/../Frameworks",
				);
				PRODUCT_BUNDLE_IDENTIFIER = shnarazk.FukuokaCOVID19UITests;
				PRODUCT_NAME = "$(TARGET_NAME)";
				SWIFT_VERSION = 5.0;
				TEST_TARGET_NAME = FukuokaCOVID19;
			};
			name = Debug;
		};
		C69A58DE256FDE610085AD68 /* Release */ = {
			isa = XCBuildConfiguration;
			buildSettings = {
				ALWAYS_EMBED_SWIFT_STANDARD_LIBRARIES = YES;
				CODE_SIGN_STYLE = Automatic;
				COMBINE_HIDPI_IMAGES = YES;
				DEVELOPMENT_TEAM = S47U494BM3;
				INFOPLIST_FILE = FukuokaCOVID19UITests/Info.plist;
				LD_RUNPATH_SEARCH_PATHS = (
					"$(inherited)",
					"@executable_path/../Frameworks",
					"@loader_path/../Frameworks",
				);
				PRODUCT_BUNDLE_IDENTIFIER = shnarazk.FukuokaCOVID19UITests;
				PRODUCT_NAME = "$(TARGET_NAME)";
				SWIFT_VERSION = 5.0;
				TEST_TARGET_NAME = FukuokaCOVID19;
			};
			name = Release;
		};
/* End XCBuildConfiguration section */

/* Begin XCConfigurationList section */
		C69A58AB256FDE600085AD68 /* Build configuration list for PBXProject "FukuokaCOVID19" */ = {
			isa = XCConfigurationList;
			buildConfigurations = (
				C69A58D4256FDE610085AD68 /* Debug */,
				C69A58D5256FDE610085AD68 /* Release */,
			);
			defaultConfigurationIsVisible = 0;
			defaultConfigurationName = Release;
		};
		C69A58D6256FDE610085AD68 /* Build configuration list for PBXNativeTarget "FukuokaCOVID19" */ = {
			isa = XCConfigurationList;
			buildConfigurations = (
				C69A58D7256FDE610085AD68 /* Debug */,
				C69A58D8256FDE610085AD68 /* Release */,
			);
			defaultConfigurationIsVisible = 0;
			defaultConfigurationName = Release;
		};
		C69A58D9256FDE610085AD68 /* Build configuration list for PBXNativeTarget "FukuokaCOVID19Tests" */ = {
			isa = XCConfigurationList;
			buildConfigurations = (
				C69A58DA256FDE610085AD68 /* Debug */,
				C69A58DB256FDE610085AD68 /* Release */,
			);
			defaultConfigurationIsVisible = 0;
			defaultConfigurationName = Release;
		};
		C69A58DC256FDE610085AD68 /* Build configuration list for PBXNativeTarget "FukuokaCOVID19UITests" */ = {
			isa = XCConfigurationList;
			buildConfigurations = (
				C69A58DD256FDE610085AD68 /* Debug */,
				C69A58DE256FDE610085AD68 /* Release */,
			);
			defaultConfigurationIsVisible = 0;
			defaultConfigurationName = Release;
		};
/* End XCConfigurationList section */

/* Begin XCRemoteSwiftPackageReference section */
		C623B56F263E474500863276 /* XCRemoteSwiftPackageReference "ChartView" */ = {
			isa = XCRemoteSwiftPackageReference;
			repositoryURL = "https://github.com/AppPear/ChartView";
			requirement = {
				branch = master;
				kind = branch;
			};
		};
		C69A58E2256FDF340085AD68 /* XCRemoteSwiftPackageReference "CodableCSV" */ = {
			isa = XCRemoteSwiftPackageReference;
			repositoryURL = "https://github.com/dehesa/CodableCSV";
			requirement = {
				kind = upToNextMajorVersion;
				minimumVersion = 0.6.6;
			};
		};
/* End XCRemoteSwiftPackageReference section */

/* Begin XCSwiftPackageProductDependency section */
		C623B570263E474500863276 /* SwiftUICharts */ = {
			isa = XCSwiftPackageProductDependency;
			package = C623B56F263E474500863276 /* XCRemoteSwiftPackageReference "ChartView" */;
			productName = SwiftUICharts;
		};
		C69A58E3256FDF340085AD68 /* CodableCSV */ = {
			isa = XCSwiftPackageProductDependency;
			package = C69A58E2256FDF340085AD68 /* XCRemoteSwiftPackageReference "CodableCSV" */;
			productName = CodableCSV;
		};
/* End XCSwiftPackageProductDependency section */
	};
	rootObject = C69A58A8256FDE600085AD68 /* Project object */;
}
